// !$*UTF8*$!
{
	archiveVersion = 1;
	classes = {
	};
	objectVersion = 55;
	objects = {

/* Begin PBXBuildFile section */
		3402D84BF5204060B3C6F5F8 /* Pods_AkiKomi_FinalTests.framework in Frameworks */ = {isa = PBXBuildFile; fileRef = 21C1CF6F390AA06825794FD9 /* Pods_AkiKomi_FinalTests.framework */; };
		35268E2F272D3FED002047C8 /* WhatIsAkiKomi.swift in Sources */ = {isa = PBXBuildFile; fileRef = 35268E2E272D3FEC002047C8 /* WhatIsAkiKomi.swift */; };
		3560AC3C2710440600571A27 /* TableViewCellModel.swift in Sources */ = {isa = PBXBuildFile; fileRef = 3560AC392710440600571A27 /* TableViewCellModel.swift */; };
		3560AC3D2710440600571A27 /* TableViewCell.xib in Resources */ = {isa = PBXBuildFile; fileRef = 3560AC3A2710440600571A27 /* TableViewCell.xib */; };
		3560AC3E2710440600571A27 /* TableViewCell.swift in Sources */ = {isa = PBXBuildFile; fileRef = 3560AC3B2710440600571A27 /* TableViewCell.swift */; };
		3560AC422710440D00571A27 /* CollectionViewCellModel.swift in Sources */ = {isa = PBXBuildFile; fileRef = 3560AC3F2710440C00571A27 /* CollectionViewCellModel.swift */; };
		3560AC432710440D00571A27 /* CollectionViewCell.swift in Sources */ = {isa = PBXBuildFile; fileRef = 3560AC402710440D00571A27 /* CollectionViewCell.swift */; };
		3560AC442710440D00571A27 /* CollectionViewCell.xib in Resources */ = {isa = PBXBuildFile; fileRef = 3560AC412710440D00571A27 /* CollectionViewCell.xib */; };
		3560AC462710447200571A27 /* TableView.swift in Sources */ = {isa = PBXBuildFile; fileRef = 3560AC452710447200571A27 /* TableView.swift */; };
		35C46E1227103F2E0058E702 /* AppDelegate.swift in Sources */ = {isa = PBXBuildFile; fileRef = 35C46E1127103F2E0058E702 /* AppDelegate.swift */; };
		35C46E1427103F2E0058E702 /* SceneDelegate.swift in Sources */ = {isa = PBXBuildFile; fileRef = 35C46E1327103F2E0058E702 /* SceneDelegate.swift */; };
		35C46E2927103F300058E702 /* AkiKomi_FinalTests.swift in Sources */ = {isa = PBXBuildFile; fileRef = 35C46E2827103F300058E702 /* AkiKomi_FinalTests.swift */; };
		35C46E3327103F300058E702 /* AkiKomi_FinalUITests.swift in Sources */ = {isa = PBXBuildFile; fileRef = 35C46E3227103F300058E702 /* AkiKomi_FinalUITests.swift */; };
		35C46E3527103F300058E702 /* AkiKomi_FinalUITestsLaunchTests.swift in Sources */ = {isa = PBXBuildFile; fileRef = 35C46E3427103F300058E702 /* AkiKomi_FinalUITestsLaunchTests.swift */; };
		35C46E58271041430058E702 /* Assets.xcassets in Resources */ = {isa = PBXBuildFile; fileRef = 35C46E57271041430058E702 /* Assets.xcassets */; };
		35C46E60271041890058E702 /* DetailsViewController.swift in Sources */ = {isa = PBXBuildFile; fileRef = 35C46E59271041890058E702 /* DetailsViewController.swift */; };
		35C46E61271041890058E702 /* RoomsData.swift in Sources */ = {isa = PBXBuildFile; fileRef = 35C46E5A271041890058E702 /* RoomsData.swift */; };
		35C46E62271041890058E702 /* LaunchScreen.storyboard in Resources */ = {isa = PBXBuildFile; fileRef = 35C46E5B271041890058E702 /* LaunchScreen.storyboard */; };
		35C46E63271041890058E702 /* FirstViewController.swift in Sources */ = {isa = PBXBuildFile; fileRef = 35C46E5C271041890058E702 /* FirstViewController.swift */; };
		35C46E64271041890058E702 /* menuViewController.swift in Sources */ = {isa = PBXBuildFile; fileRef = 35C46E5D271041890058E702 /* menuViewController.swift */; };
		35C46E65271041890058E702 /* SearchViewController.swift in Sources */ = {isa = PBXBuildFile; fileRef = 35C46E5E271041890058E702 /* SearchViewController.swift */; };
		35C46E66271041890058E702 /* Main.storyboard in Resources */ = {isa = PBXBuildFile; fileRef = 35C46E5F271041890058E702 /* Main.storyboard */; };
		35C46E73271042CF0058E702 /* Extensions.swift in Sources */ = {isa = PBXBuildFile; fileRef = 35C46E72271042CF0058E702 /* Extensions.swift */; };
		35F5A47327198CC600976176 /* CustumCollectionViewCell.swift in Sources */ = {isa = PBXBuildFile; fileRef = 35F5A47227198CC600976176 /* CustumCollectionViewCell.swift */; };
		35F5A47527198CE300976176 /* TestSearchViewController.swift in Sources */ = {isa = PBXBuildFile; fileRef = 35F5A47427198CE300976176 /* TestSearchViewController.swift */; };
		35F5A4772719926A00976176 /* test.json in Sources */ = {isa = PBXBuildFile; fileRef = 35F5A4762719926A00976176 /* test.json */; };
		9472A2246A388EDF402B800D /* Pods_AkiKomi_Final_AkiKomi_FinalUITests.framework in Frameworks */ = {isa = PBXBuildFile; fileRef = A47D8C4932DF07A614545F38 /* Pods_AkiKomi_Final_AkiKomi_FinalUITests.framework */; };
		E038F5A252AFA8FA1347C989 /* Pods_AkiKomi_Final.framework in Frameworks */ = {isa = PBXBuildFile; fileRef = F455976F2EB5BB969599E145 /* Pods_AkiKomi_Final.framework */; };
/* End PBXBuildFile section */

/* Begin PBXContainerItemProxy section */
		35C46E2527103F300058E702 /* PBXContainerItemProxy */ = {
			isa = PBXContainerItemProxy;
			containerPortal = 35C46E0627103F2E0058E702 /* Project object */;
			proxyType = 1;
			remoteGlobalIDString = 35C46E0D27103F2E0058E702;
			remoteInfo = AkiKomi_Final;
		};
		35C46E2F27103F300058E702 /* PBXContainerItemProxy */ = {
			isa = PBXContainerItemProxy;
			containerPortal = 35C46E0627103F2E0058E702 /* Project object */;
			proxyType = 1;
			remoteGlobalIDString = 35C46E0D27103F2E0058E702;
			remoteInfo = AkiKomi_Final;
		};
/* End PBXContainerItemProxy section */

/* Begin PBXFileReference section */
		080F2707B41D9378A0AB7A27 /* Pods-AkiKomi_Final.release.xcconfig */ = {isa = PBXFileReference; includeInIndex = 1; lastKnownFileType = text.xcconfig; name = "Pods-AkiKomi_Final.release.xcconfig"; path = "Target Support Files/Pods-AkiKomi_Final/Pods-AkiKomi_Final.release.xcconfig"; sourceTree = "<group>"; };
		21C1CF6F390AA06825794FD9 /* Pods_AkiKomi_FinalTests.framework */ = {isa = PBXFileReference; explicitFileType = wrapper.framework; includeInIndex = 0; path = Pods_AkiKomi_FinalTests.framework; sourceTree = BUILT_PRODUCTS_DIR; };
		27D94F1F08D20FDB0485F835 /* Pods-AkiKomi_Final-AkiKomi_FinalUITests.debug.xcconfig */ = {isa = PBXFileReference; includeInIndex = 1; lastKnownFileType = text.xcconfig; name = "Pods-AkiKomi_Final-AkiKomi_FinalUITests.debug.xcconfig"; path = "Target Support Files/Pods-AkiKomi_Final-AkiKomi_FinalUITests/Pods-AkiKomi_Final-AkiKomi_FinalUITests.debug.xcconfig"; sourceTree = "<group>"; };
		35268E2E272D3FEC002047C8 /* WhatIsAkiKomi.swift */ = {isa = PBXFileReference; lastKnownFileType = sourcecode.swift; path = WhatIsAkiKomi.swift; sourceTree = "<group>"; };
		3560AC392710440600571A27 /* TableViewCellModel.swift */ = {isa = PBXFileReference; fileEncoding = 4; lastKnownFileType = sourcecode.swift; path = TableViewCellModel.swift; sourceTree = "<group>"; };
		3560AC3A2710440600571A27 /* TableViewCell.xib */ = {isa = PBXFileReference; fileEncoding = 4; lastKnownFileType = file.xib; path = TableViewCell.xib; sourceTree = "<group>"; };
		3560AC3B2710440600571A27 /* TableViewCell.swift */ = {isa = PBXFileReference; fileEncoding = 4; lastKnownFileType = sourcecode.swift; path = TableViewCell.swift; sourceTree = "<group>"; };
		3560AC3F2710440C00571A27 /* CollectionViewCellModel.swift */ = {isa = PBXFileReference; fileEncoding = 4; lastKnownFileType = sourcecode.swift; path = CollectionViewCellModel.swift; sourceTree = "<group>"; };
		3560AC402710440D00571A27 /* CollectionViewCell.swift */ = {isa = PBXFileReference; fileEncoding = 4; lastKnownFileType = sourcecode.swift; path = CollectionViewCell.swift; sourceTree = "<group>"; };
		3560AC412710440D00571A27 /* CollectionViewCell.xib */ = {isa = PBXFileReference; fileEncoding = 4; lastKnownFileType = file.xib; path = CollectionViewCell.xib; sourceTree = "<group>"; };
		3560AC452710447200571A27 /* TableView.swift */ = {isa = PBXFileReference; fileEncoding = 4; lastKnownFileType = sourcecode.swift; path = TableView.swift; sourceTree = "<group>"; };
		35C46E0E27103F2E0058E702 /* AkiKomi_Final.app */ = {isa = PBXFileReference; explicitFileType = wrapper.application; includeInIndex = 0; path = AkiKomi_Final.app; sourceTree = BUILT_PRODUCTS_DIR; };
		35C46E1127103F2E0058E702 /* AppDelegate.swift */ = {isa = PBXFileReference; lastKnownFileType = sourcecode.swift; path = AppDelegate.swift; sourceTree = "<group>"; };
		35C46E1327103F2E0058E702 /* SceneDelegate.swift */ = {isa = PBXFileReference; lastKnownFileType = sourcecode.swift; path = SceneDelegate.swift; sourceTree = "<group>"; };
		35C46E1F27103F300058E702 /* Info.plist */ = {isa = PBXFileReference; lastKnownFileType = text.plist.xml; path = Info.plist; sourceTree = "<group>"; };
		35C46E2427103F300058E702 /* AkiKomi_FinalTests.xctest */ = {isa = PBXFileReference; explicitFileType = wrapper.cfbundle; includeInIndex = 0; path = AkiKomi_FinalTests.xctest; sourceTree = BUILT_PRODUCTS_DIR; };
		35C46E2827103F300058E702 /* AkiKomi_FinalTests.swift */ = {isa = PBXFileReference; lastKnownFileType = sourcecode.swift; path = AkiKomi_FinalTests.swift; sourceTree = "<group>"; };
		35C46E2E27103F300058E702 /* AkiKomi_FinalUITests.xctest */ = {isa = PBXFileReference; explicitFileType = wrapper.cfbundle; includeInIndex = 0; path = AkiKomi_FinalUITests.xctest; sourceTree = BUILT_PRODUCTS_DIR; };
		35C46E3227103F300058E702 /* AkiKomi_FinalUITests.swift */ = {isa = PBXFileReference; lastKnownFileType = sourcecode.swift; path = AkiKomi_FinalUITests.swift; sourceTree = "<group>"; };
		35C46E3427103F300058E702 /* AkiKomi_FinalUITestsLaunchTests.swift */ = {isa = PBXFileReference; lastKnownFileType = sourcecode.swift; path = AkiKomi_FinalUITestsLaunchTests.swift; sourceTree = "<group>"; };
		35C46E57271041430058E702 /* Assets.xcassets */ = {isa = PBXFileReference; lastKnownFileType = folder.assetcatalog; name = Assets.xcassets; path = "../../../Library/Mobile Documents/com~apple~CloudDocs/.Trash/Assets.xcassets"; sourceTree = "<group>"; };
		35C46E59271041890058E702 /* DetailsViewController.swift */ = {isa = PBXFileReference; fileEncoding = 4; lastKnownFileType = sourcecode.swift; path = DetailsViewController.swift; sourceTree = "<group>"; };
		35C46E5A271041890058E702 /* RoomsData.swift */ = {isa = PBXFileReference; fileEncoding = 4; lastKnownFileType = sourcecode.swift; path = RoomsData.swift; sourceTree = "<group>"; };
		35C46E5B271041890058E702 /* LaunchScreen.storyboard */ = {isa = PBXFileReference; fileEncoding = 4; lastKnownFileType = file.storyboard; path = LaunchScreen.storyboard; sourceTree = "<group>"; };
		35C46E5C271041890058E702 /* FirstViewController.swift */ = {isa = PBXFileReference; fileEncoding = 4; lastKnownFileType = sourcecode.swift; path = FirstViewController.swift; sourceTree = "<group>"; };
		35C46E5D271041890058E702 /* menuViewController.swift */ = {isa = PBXFileReference; fileEncoding = 4; lastKnownFileType = sourcecode.swift; path = menuViewController.swift; sourceTree = "<group>"; };
		35C46E5E271041890058E702 /* SearchViewController.swift */ = {isa = PBXFileReference; fileEncoding = 4; lastKnownFileType = sourcecode.swift; path = SearchViewController.swift; sourceTree = "<group>"; };
		35C46E5F271041890058E702 /* Main.storyboard */ = {isa = PBXFileReference; fileEncoding = 4; lastKnownFileType = file.storyboard; path = Main.storyboard; sourceTree = "<group>"; };
		35C46E72271042CF0058E702 /* Extensions.swift */ = {isa = PBXFileReference; fileEncoding = 4; lastKnownFileType = sourcecode.swift; path = Extensions.swift; sourceTree = "<group>"; };
		35F5A47227198CC600976176 /* CustumCollectionViewCell.swift */ = {isa = PBXFileReference; lastKnownFileType = sourcecode.swift; path = CustumCollectionViewCell.swift; sourceTree = "<group>"; };
		35F5A47427198CE300976176 /* TestSearchViewController.swift */ = {isa = PBXFileReference; lastKnownFileType = sourcecode.swift; path = TestSearchViewController.swift; sourceTree = "<group>"; };
		35F5A4762719926A00976176 /* test.json */ = {isa = PBXFileReference; lastKnownFileType = text.json; path = test.json; sourceTree = "<group>"; };
		6E9D0BEC9C4EB82808DBAD42 /* Pods-AkiKomi_FinalTests.release.xcconfig */ = {isa = PBXFileReference; includeInIndex = 1; lastKnownFileType = text.xcconfig; name = "Pods-AkiKomi_FinalTests.release.xcconfig"; path = "Target Support Files/Pods-AkiKomi_FinalTests/Pods-AkiKomi_FinalTests.release.xcconfig"; sourceTree = "<group>"; };
		A47D8C4932DF07A614545F38 /* Pods_AkiKomi_Final_AkiKomi_FinalUITests.framework */ = {isa = PBXFileReference; explicitFileType = wrapper.framework; includeInIndex = 0; path = Pods_AkiKomi_Final_AkiKomi_FinalUITests.framework; sourceTree = BUILT_PRODUCTS_DIR; };
		AF7036870D1F67E779745955 /* Pods-AkiKomi_Final.debug.xcconfig */ = {isa = PBXFileReference; includeInIndex = 1; lastKnownFileType = text.xcconfig; name = "Pods-AkiKomi_Final.debug.xcconfig"; path = "Target Support Files/Pods-AkiKomi_Final/Pods-AkiKomi_Final.debug.xcconfig"; sourceTree = "<group>"; };
		C7F848D00223785FD881E8C2 /* Pods-AkiKomi_FinalTests.debug.xcconfig */ = {isa = PBXFileReference; includeInIndex = 1; lastKnownFileType = text.xcconfig; name = "Pods-AkiKomi_FinalTests.debug.xcconfig"; path = "Target Support Files/Pods-AkiKomi_FinalTests/Pods-AkiKomi_FinalTests.debug.xcconfig"; sourceTree = "<group>"; };
		DD8FC35E52826C939B79DA89 /* Pods-AkiKomi_Final-AkiKomi_FinalUITests.release.xcconfig */ = {isa = PBXFileReference; includeInIndex = 1; lastKnownFileType = text.xcconfig; name = "Pods-AkiKomi_Final-AkiKomi_FinalUITests.release.xcconfig"; path = "Target Support Files/Pods-AkiKomi_Final-AkiKomi_FinalUITests/Pods-AkiKomi_Final-AkiKomi_FinalUITests.release.xcconfig"; sourceTree = "<group>"; };
		F455976F2EB5BB969599E145 /* Pods_AkiKomi_Final.framework */ = {isa = PBXFileReference; explicitFileType = wrapper.framework; includeInIndex = 0; path = Pods_AkiKomi_Final.framework; sourceTree = BUILT_PRODUCTS_DIR; };
/* End PBXFileReference section */

/* Begin PBXFrameworksBuildPhase section */
		35C46E0B27103F2E0058E702 /* Frameworks */ = {
			isa = PBXFrameworksBuildPhase;
			buildActionMask = 2147483647;
			files = (
				E038F5A252AFA8FA1347C989 /* Pods_AkiKomi_Final.framework in Frameworks */,
			);
			runOnlyForDeploymentPostprocessing = 0;
		};
		35C46E2127103F300058E702 /* Frameworks */ = {
			isa = PBXFrameworksBuildPhase;
			buildActionMask = 2147483647;
			files = (
				3402D84BF5204060B3C6F5F8 /* Pods_AkiKomi_FinalTests.framework in Frameworks */,
			);
			runOnlyForDeploymentPostprocessing = 0;
		};
		35C46E2B27103F300058E702 /* Frameworks */ = {
			isa = PBXFrameworksBuildPhase;
			buildActionMask = 2147483647;
			files = (
				9472A2246A388EDF402B800D /* Pods_AkiKomi_Final_AkiKomi_FinalUITests.framework in Frameworks */,
			);
			runOnlyForDeploymentPostprocessing = 0;
		};
/* End PBXFrameworksBuildPhase section */

/* Begin PBXGroup section */
		3150B99C169A93B774D0BBD9 /* Pods */ = {
			isa = PBXGroup;
			children = (
				AF7036870D1F67E779745955 /* Pods-AkiKomi_Final.debug.xcconfig */,
				080F2707B41D9378A0AB7A27 /* Pods-AkiKomi_Final.release.xcconfig */,
				27D94F1F08D20FDB0485F835 /* Pods-AkiKomi_Final-AkiKomi_FinalUITests.debug.xcconfig */,
				DD8FC35E52826C939B79DA89 /* Pods-AkiKomi_Final-AkiKomi_FinalUITests.release.xcconfig */,
				C7F848D00223785FD881E8C2 /* Pods-AkiKomi_FinalTests.debug.xcconfig */,
				6E9D0BEC9C4EB82808DBAD42 /* Pods-AkiKomi_FinalTests.release.xcconfig */,
			);
			path = Pods;
			sourceTree = "<group>";
		};
		3560AC47271044A800571A27 /* TableViewCell */ = {
			isa = PBXGroup;
			children = (
				3560AC3B2710440600571A27 /* TableViewCell.swift */,
				3560AC3A2710440600571A27 /* TableViewCell.xib */,
				3560AC392710440600571A27 /* TableViewCellModel.swift */,
				3560AC48271044B400571A27 /* CollectionViewCell */,
			);
			path = TableViewCell;
			sourceTree = "<group>";
		};
		3560AC48271044B400571A27 /* CollectionViewCell */ = {
			isa = PBXGroup;
			children = (
				3560AC402710440D00571A27 /* CollectionViewCell.swift */,
				3560AC412710440D00571A27 /* CollectionViewCell.xib */,
				3560AC3F2710440C00571A27 /* CollectionViewCellModel.swift */,
			);
			path = CollectionViewCell;
			sourceTree = "<group>";
		};
		35C46E0527103F2E0058E702 = {
			isa = PBXGroup;
			children = (
				35C46E1027103F2E0058E702 /* AkiKomi_Final */,
				35C46E2727103F300058E702 /* AkiKomi_FinalTests */,
				35C46E3127103F300058E702 /* AkiKomi_FinalUITests */,
				35C46E0F27103F2E0058E702 /* Products */,
				3150B99C169A93B774D0BBD9 /* Pods */,
				8BD9DEA73125F91F683214A1 /* Frameworks */,
			);
			sourceTree = "<group>";
		};
		35C46E0F27103F2E0058E702 /* Products */ = {
			isa = PBXGroup;
			children = (
				35C46E0E27103F2E0058E702 /* AkiKomi_Final.app */,
				35C46E2427103F300058E702 /* AkiKomi_FinalTests.xctest */,
				35C46E2E27103F300058E702 /* AkiKomi_FinalUITests.xctest */,
			);
			name = Products;
			sourceTree = "<group>";
		};
		35C46E1027103F2E0058E702 /* AkiKomi_Final */ = {
			isa = PBXGroup;
			children = (
				35F5A47127198CAC00976176 /* Test */,
				35C46E71271042A80058E702 /* Supporting files */,
				3560AC47271044A800571A27 /* TableViewCell */,
				3560AC452710447200571A27 /* TableView.swift */,
				35C46E59271041890058E702 /* DetailsViewController.swift */,
				35C46E5C271041890058E702 /* FirstViewController.swift */,
				35C46E5B271041890058E702 /* LaunchScreen.storyboard */,
				35C46E5F271041890058E702 /* Main.storyboard */,
				35C46E5D271041890058E702 /* menuViewController.swift */,
				35C46E5A271041890058E702 /* RoomsData.swift */,
				35C46E5E271041890058E702 /* SearchViewController.swift */,
				35268E2E272D3FEC002047C8 /* WhatIsAkiKomi.swift */,
				35C46E57271041430058E702 /* Assets.xcassets */,
				35C46E1F27103F300058E702 /* Info.plist */,
				35F5A4762719926A00976176 /* test.json */,
			);
			path = AkiKomi_Final;
			sourceTree = "<group>";
		};
		35C46E2727103F300058E702 /* AkiKomi_FinalTests */ = {
			isa = PBXGroup;
			children = (
				35C46E2827103F300058E702 /* AkiKomi_FinalTests.swift */,
			);
			path = AkiKomi_FinalTests;
			sourceTree = "<group>";
		};
		35C46E3127103F300058E702 /* AkiKomi_FinalUITests */ = {
			isa = PBXGroup;
			children = (
				35C46E3227103F300058E702 /* AkiKomi_FinalUITests.swift */,
				35C46E3427103F300058E702 /* AkiKomi_FinalUITestsLaunchTests.swift */,
			);
			path = AkiKomi_FinalUITests;
			sourceTree = "<group>";
		};
		35C46E71271042A80058E702 /* Supporting files */ = {
			isa = PBXGroup;
			children = (
				35C46E1127103F2E0058E702 /* AppDelegate.swift */,
				35C46E1327103F2E0058E702 /* SceneDelegate.swift */,
				35C46E72271042CF0058E702 /* Extensions.swift */,
			);
			path = "Supporting files";
			sourceTree = "<group>";
		};
		35F5A47127198CAC00976176 /* Test */ = {
			isa = PBXGroup;
			children = (
				35F5A47227198CC600976176 /* CustumCollectionViewCell.swift */,
				35F5A47427198CE300976176 /* TestSearchViewController.swift */,
			);
			path = Test;
			sourceTree = "<group>";
		};
		8BD9DEA73125F91F683214A1 /* Frameworks */ = {
			isa = PBXGroup;
			children = (
				F455976F2EB5BB969599E145 /* Pods_AkiKomi_Final.framework */,
				A47D8C4932DF07A614545F38 /* Pods_AkiKomi_Final_AkiKomi_FinalUITests.framework */,
				21C1CF6F390AA06825794FD9 /* Pods_AkiKomi_FinalTests.framework */,
			);
			name = Frameworks;
			sourceTree = "<group>";
		};
/* End PBXGroup section */

/* Begin PBXNativeTarget section */
		35C46E0D27103F2E0058E702 /* AkiKomi_Final */ = {
			isa = PBXNativeTarget;
			buildConfigurationList = 35C46E3827103F300058E702 /* Build configuration list for PBXNativeTarget "AkiKomi_Final" */;
			buildPhases = (
				979F3AC62272C86760B59353 /* [CP] Check Pods Manifest.lock */,
				35C46E0A27103F2E0058E702 /* Sources */,
				35C46E0B27103F2E0058E702 /* Frameworks */,
				35C46E0C27103F2E0058E702 /* Resources */,
				DA3E0886F32AF352009E356D /* [CP] Embed Pods Frameworks */,
			);
			buildRules = (
			);
			dependencies = (
			);
			name = AkiKomi_Final;
			productName = AkiKomi_Final;
			productReference = 35C46E0E27103F2E0058E702 /* AkiKomi_Final.app */;
			productType = "com.apple.product-type.application";
		};
		35C46E2327103F300058E702 /* AkiKomi_FinalTests */ = {
			isa = PBXNativeTarget;
			buildConfigurationList = 35C46E3B27103F300058E702 /* Build configuration list for PBXNativeTarget "AkiKomi_FinalTests" */;
			buildPhases = (
				ED2149D3157BE918121AC9B7 /* [CP] Check Pods Manifest.lock */,
				35C46E2027103F300058E702 /* Sources */,
				35C46E2127103F300058E702 /* Frameworks */,
				35C46E2227103F300058E702 /* Resources */,
			);
			buildRules = (
			);
			dependencies = (
				35C46E2627103F300058E702 /* PBXTargetDependency */,
			);
			name = AkiKomi_FinalTests;
			productName = AkiKomi_FinalTests;
			productReference = 35C46E2427103F300058E702 /* AkiKomi_FinalTests.xctest */;
			productType = "com.apple.product-type.bundle.unit-test";
		};
		35C46E2D27103F300058E702 /* AkiKomi_FinalUITests */ = {
			isa = PBXNativeTarget;
			buildConfigurationList = 35C46E3E27103F300058E702 /* Build configuration list for PBXNativeTarget "AkiKomi_FinalUITests" */;
			buildPhases = (
				8A8F630E8559F2CAC05C1183 /* [CP] Check Pods Manifest.lock */,
				35C46E2A27103F300058E702 /* Sources */,
				35C46E2B27103F300058E702 /* Frameworks */,
				35C46E2C27103F300058E702 /* Resources */,
				2CE2541C79B740F2F4683F77 /* [CP] Embed Pods Frameworks */,
			);
			buildRules = (
			);
			dependencies = (
				35C46E3027103F300058E702 /* PBXTargetDependency */,
			);
			name = AkiKomi_FinalUITests;
			productName = AkiKomi_FinalUITests;
			productReference = 35C46E2E27103F300058E702 /* AkiKomi_FinalUITests.xctest */;
			productType = "com.apple.product-type.bundle.ui-testing";
		};
/* End PBXNativeTarget section */

/* Begin PBXProject section */
		35C46E0627103F2E0058E702 /* Project object */ = {
			isa = PBXProject;
			attributes = {
				BuildIndependentTargetsInParallel = 1;
				LastSwiftUpdateCheck = 1300;
				LastUpgradeCheck = 1300;
				TargetAttributes = {
					35C46E0D27103F2E0058E702 = {
						CreatedOnToolsVersion = 13.0;
					};
					35C46E2327103F300058E702 = {
						CreatedOnToolsVersion = 13.0;
						TestTargetID = 35C46E0D27103F2E0058E702;
					};
					35C46E2D27103F300058E702 = {
						CreatedOnToolsVersion = 13.0;
						TestTargetID = 35C46E0D27103F2E0058E702;
					};
				};
			};
			buildConfigurationList = 35C46E0927103F2E0058E702 /* Build configuration list for PBXProject "AkiKomi_Final" */;
			compatibilityVersion = "Xcode 13.0";
			developmentRegion = en;
			hasScannedForEncodings = 0;
			knownRegions = (
				en,
				Base,
			);
			mainGroup = 35C46E0527103F2E0058E702;
			productRefGroup = 35C46E0F27103F2E0058E702 /* Products */;
			projectDirPath = "";
			projectRoot = "";
			targets = (
				35C46E0D27103F2E0058E702 /* AkiKomi_Final */,
				35C46E2327103F300058E702 /* AkiKomi_FinalTests */,
				35C46E2D27103F300058E702 /* AkiKomi_FinalUITests */,
			);
		};
/* End PBXProject section */

/* Begin PBXResourcesBuildPhase section */
		35C46E0C27103F2E0058E702 /* Resources */ = {
			isa = PBXResourcesBuildPhase;
			buildActionMask = 2147483647;
			files = (
				35C46E62271041890058E702 /* LaunchScreen.storyboard in Resources */,
				3560AC3D2710440600571A27 /* TableViewCell.xib in Resources */,
				3560AC442710440D00571A27 /* CollectionViewCell.xib in Resources */,
				35C46E58271041430058E702 /* Assets.xcassets in Resources */,
				35C46E66271041890058E702 /* Main.storyboard in Resources */,
			);
			runOnlyForDeploymentPostprocessing = 0;
		};
		35C46E2227103F300058E702 /* Resources */ = {
			isa = PBXResourcesBuildPhase;
			buildActionMask = 2147483647;
			files = (
			);
			runOnlyForDeploymentPostprocessing = 0;
		};
		35C46E2C27103F300058E702 /* Resources */ = {
			isa = PBXResourcesBuildPhase;
			buildActionMask = 2147483647;
			files = (
			);
			runOnlyForDeploymentPostprocessing = 0;
		};
/* End PBXResourcesBuildPhase section */

/* Begin PBXShellScriptBuildPhase section */
		2CE2541C79B740F2F4683F77 /* [CP] Embed Pods Frameworks */ = {
			isa = PBXShellScriptBuildPhase;
			buildActionMask = 2147483647;
			files = (
			);
			inputFileListPaths = (
				"${PODS_ROOT}/Target Support Files/Pods-AkiKomi_Final-AkiKomi_FinalUITests/Pods-AkiKomi_Final-AkiKomi_FinalUITests-frameworks-${CONFIGURATION}-input-files.xcfilelist",
			);
			name = "[CP] Embed Pods Frameworks";
			outputFileListPaths = (
				"${PODS_ROOT}/Target Support Files/Pods-AkiKomi_Final-AkiKomi_FinalUITests/Pods-AkiKomi_Final-AkiKomi_FinalUITests-frameworks-${CONFIGURATION}-output-files.xcfilelist",
			);
			runOnlyForDeploymentPostprocessing = 0;
			shellPath = /bin/sh;
			shellScript = "\"${PODS_ROOT}/Target Support Files/Pods-AkiKomi_Final-AkiKomi_FinalUITests/Pods-AkiKomi_Final-AkiKomi_FinalUITests-frameworks.sh\"\n";
			showEnvVarsInLog = 0;
		};
		8A8F630E8559F2CAC05C1183 /* [CP] Check Pods Manifest.lock */ = {
			isa = PBXShellScriptBuildPhase;
			buildActionMask = 2147483647;
			files = (
			);
			inputFileListPaths = (
			);
			inputPaths = (
				"${PODS_PODFILE_DIR_PATH}/Podfile.lock",
				"${PODS_ROOT}/Manifest.lock",
			);
			name = "[CP] Check Pods Manifest.lock";
			outputFileListPaths = (
			);
			outputPaths = (
				"$(DERIVED_FILE_DIR)/Pods-AkiKomi_Final-AkiKomi_FinalUITests-checkManifestLockResult.txt",
			);
			runOnlyForDeploymentPostprocessing = 0;
			shellPath = /bin/sh;
			shellScript = "diff \"${PODS_PODFILE_DIR_PATH}/Podfile.lock\" \"${PODS_ROOT}/Manifest.lock\" > /dev/null\nif [ $? != 0 ] ; then\n    # print error to STDERR\n    echo \"error: The sandbox is not in sync with the Podfile.lock. Run 'pod install' or update your CocoaPods installation.\" >&2\n    exit 1\nfi\n# This output is used by Xcode 'outputs' to avoid re-running this script phase.\necho \"SUCCESS\" > \"${SCRIPT_OUTPUT_FILE_0}\"\n";
			showEnvVarsInLog = 0;
		};
		979F3AC62272C86760B59353 /* [CP] Check Pods Manifest.lock */ = {
			isa = PBXShellScriptBuildPhase;
			buildActionMask = 2147483647;
			files = (
			);
			inputFileListPaths = (
			);
			inputPaths = (
				"${PODS_PODFILE_DIR_PATH}/Podfile.lock",
				"${PODS_ROOT}/Manifest.lock",
			);
			name = "[CP] Check Pods Manifest.lock";
			outputFileListPaths = (
			);
			outputPaths = (
				"$(DERIVED_FILE_DIR)/Pods-AkiKomi_Final-checkManifestLockResult.txt",
			);
			runOnlyForDeploymentPostprocessing = 0;
			shellPath = /bin/sh;
			shellScript = "diff \"${PODS_PODFILE_DIR_PATH}/Podfile.lock\" \"${PODS_ROOT}/Manifest.lock\" > /dev/null\nif [ $? != 0 ] ; then\n    # print error to STDERR\n    echo \"error: The sandbox is not in sync with the Podfile.lock. Run 'pod install' or update your CocoaPods installation.\" >&2\n    exit 1\nfi\n# This output is used by Xcode 'outputs' to avoid re-running this script phase.\necho \"SUCCESS\" > \"${SCRIPT_OUTPUT_FILE_0}\"\n";
			showEnvVarsInLog = 0;
		};
		DA3E0886F32AF352009E356D /* [CP] Embed Pods Frameworks */ = {
			isa = PBXShellScriptBuildPhase;
			buildActionMask = 2147483647;
			files = (
			);
			inputFileListPaths = (
				"${PODS_ROOT}/Target Support Files/Pods-AkiKomi_Final/Pods-AkiKomi_Final-frameworks-${CONFIGURATION}-input-files.xcfilelist",
			);
			name = "[CP] Embed Pods Frameworks";
			outputFileListPaths = (
				"${PODS_ROOT}/Target Support Files/Pods-AkiKomi_Final/Pods-AkiKomi_Final-frameworks-${CONFIGURATION}-output-files.xcfilelist",
			);
			runOnlyForDeploymentPostprocessing = 0;
			shellPath = /bin/sh;
			shellScript = "\"${PODS_ROOT}/Target Support Files/Pods-AkiKomi_Final/Pods-AkiKomi_Final-frameworks.sh\"\n";
			showEnvVarsInLog = 0;
		};
		ED2149D3157BE918121AC9B7 /* [CP] Check Pods Manifest.lock */ = {
			isa = PBXShellScriptBuildPhase;
			buildActionMask = 2147483647;
			files = (
			);
			inputFileListPaths = (
			);
			inputPaths = (
				"${PODS_PODFILE_DIR_PATH}/Podfile.lock",
				"${PODS_ROOT}/Manifest.lock",
			);
			name = "[CP] Check Pods Manifest.lock";
			outputFileListPaths = (
			);
			outputPaths = (
				"$(DERIVED_FILE_DIR)/Pods-AkiKomi_FinalTests-checkManifestLockResult.txt",
			);
			runOnlyForDeploymentPostprocessing = 0;
			shellPath = /bin/sh;
			shellScript = "diff \"${PODS_PODFILE_DIR_PATH}/Podfile.lock\" \"${PODS_ROOT}/Manifest.lock\" > /dev/null\nif [ $? != 0 ] ; then\n    # print error to STDERR\n    echo \"error: The sandbox is not in sync with the Podfile.lock. Run 'pod install' or update your CocoaPods installation.\" >&2\n    exit 1\nfi\n# This output is used by Xcode 'outputs' to avoid re-running this script phase.\necho \"SUCCESS\" > \"${SCRIPT_OUTPUT_FILE_0}\"\n";
			showEnvVarsInLog = 0;
		};
/* End PBXShellScriptBuildPhase section */

/* Begin PBXSourcesBuildPhase section */
		35C46E0A27103F2E0058E702 /* Sources */ = {
			isa = PBXSourcesBuildPhase;
			buildActionMask = 2147483647;
			files = (
				3560AC3C2710440600571A27 /* TableViewCellModel.swift in Sources */,
				35F5A4772719926A00976176 /* test.json in Sources */,
				3560AC422710440D00571A27 /* CollectionViewCellModel.swift in Sources */,
				3560AC432710440D00571A27 /* CollectionViewCell.swift in Sources */,
				35C46E1227103F2E0058E702 /* AppDelegate.swift in Sources */,
				35C46E65271041890058E702 /* SearchViewController.swift in Sources */,
				35C46E61271041890058E702 /* RoomsData.swift in Sources */,
				35C46E73271042CF0058E702 /* Extensions.swift in Sources */,
				3560AC3E2710440600571A27 /* TableViewCell.swift in Sources */,
				3560AC462710447200571A27 /* TableView.swift in Sources */,
				35F5A47327198CC600976176 /* CustumCollectionViewCell.swift in Sources */,
				35F5A47527198CE300976176 /* TestSearchViewController.swift in Sources */,
				35C46E63271041890058E702 /* FirstViewController.swift in Sources */,
				35C46E1427103F2E0058E702 /* SceneDelegate.swift in Sources */,
				35C46E64271041890058E702 /* menuViewController.swift in Sources */,
				35C46E60271041890058E702 /* DetailsViewController.swift in Sources */,
				35268E2F272D3FED002047C8 /* WhatIsAkiKomi.swift in Sources */,
			);
			runOnlyForDeploymentPostprocessing = 0;
		};
		35C46E2027103F300058E702 /* Sources */ = {
			isa = PBXSourcesBuildPhase;
			buildActionMask = 2147483647;
			files = (
				35C46E2927103F300058E702 /* AkiKomi_FinalTests.swift in Sources */,
			);
			runOnlyForDeploymentPostprocessing = 0;
		};
		35C46E2A27103F300058E702 /* Sources */ = {
			isa = PBXSourcesBuildPhase;
			buildActionMask = 2147483647;
			files = (
				35C46E3327103F300058E702 /* AkiKomi_FinalUITests.swift in Sources */,
				35C46E3527103F300058E702 /* AkiKomi_FinalUITestsLaunchTests.swift in Sources */,
			);
			runOnlyForDeploymentPostprocessing = 0;
		};
/* End PBXSourcesBuildPhase section */

/* Begin PBXTargetDependency section */
		35C46E2627103F300058E702 /* PBXTargetDependency */ = {
			isa = PBXTargetDependency;
			target = 35C46E0D27103F2E0058E702 /* AkiKomi_Final */;
			targetProxy = 35C46E2527103F300058E702 /* PBXContainerItemProxy */;
		};
		35C46E3027103F300058E702 /* PBXTargetDependency */ = {
			isa = PBXTargetDependency;
			target = 35C46E0D27103F2E0058E702 /* AkiKomi_Final */;
			targetProxy = 35C46E2F27103F300058E702 /* PBXContainerItemProxy */;
		};
/* End PBXTargetDependency section */

/* Begin XCBuildConfiguration section */
		35C46E3627103F300058E702 /* Debug */ = {
			isa = XCBuildConfiguration;
			buildSettings = {
				ALWAYS_SEARCH_USER_PATHS = NO;
				CLANG_ANALYZER_NONNULL = YES;
				CLANG_ANALYZER_NUMBER_OBJECT_CONVERSION = YES_AGGRESSIVE;
				CLANG_CXX_LANGUAGE_STANDARD = "gnu++17";
				CLANG_CXX_LIBRARY = "libc++";
				CLANG_ENABLE_MODULES = YES;
				CLANG_ENABLE_OBJC_ARC = YES;
				CLANG_ENABLE_OBJC_WEAK = YES;
				CLANG_WARN_BLOCK_CAPTURE_AUTORELEASING = YES;
				CLANG_WARN_BOOL_CONVERSION = YES;
				CLANG_WARN_COMMA = YES;
				CLANG_WARN_CONSTANT_CONVERSION = YES;
				CLANG_WARN_DEPRECATED_OBJC_IMPLEMENTATIONS = YES;
				CLANG_WARN_DIRECT_OBJC_ISA_USAGE = YES_ERROR;
				CLANG_WARN_DOCUMENTATION_COMMENTS = YES;
				CLANG_WARN_EMPTY_BODY = YES;
				CLANG_WARN_ENUM_CONVERSION = YES;
				CLANG_WARN_INFINITE_RECURSION = YES;
				CLANG_WARN_INT_CONVERSION = YES;
				CLANG_WARN_NON_LITERAL_NULL_CONVERSION = YES;
				CLANG_WARN_OBJC_IMPLICIT_RETAIN_SELF = YES;
				CLANG_WARN_OBJC_LITERAL_CONVERSION = YES;
				CLANG_WARN_OBJC_ROOT_CLASS = YES_ERROR;
				CLANG_WARN_QUOTED_INCLUDE_IN_FRAMEWORK_HEADER = YES;
				CLANG_WARN_RANGE_LOOP_ANALYSIS = YES;
				CLANG_WARN_STRICT_PROTOTYPES = YES;
				CLANG_WARN_SUSPICIOUS_MOVE = YES;
				CLANG_WARN_UNGUARDED_AVAILABILITY = YES_AGGRESSIVE;
				CLANG_WARN_UNREACHABLE_CODE = YES;
				CLANG_WARN__DUPLICATE_METHOD_MATCH = YES;
				COPY_PHASE_STRIP = NO;
				DEBUG_INFORMATION_FORMAT = dwarf;
				ENABLE_STRICT_OBJC_MSGSEND = YES;
				ENABLE_TESTABILITY = YES;
				GCC_C_LANGUAGE_STANDARD = gnu11;
				GCC_DYNAMIC_NO_PIC = NO;
				GCC_NO_COMMON_BLOCKS = YES;
				GCC_OPTIMIZATION_LEVEL = 0;
				GCC_PREPROCESSOR_DEFINITIONS = (
					"DEBUG=1",
					"$(inherited)",
				);
				GCC_WARN_64_TO_32_BIT_CONVERSION = YES;
				GCC_WARN_ABOUT_RETURN_TYPE = YES_ERROR;
				GCC_WARN_UNDECLARED_SELECTOR = YES;
				GCC_WARN_UNINITIALIZED_AUTOS = YES_AGGRESSIVE;
				GCC_WARN_UNUSED_FUNCTION = YES;
				GCC_WARN_UNUSED_VARIABLE = YES;
				IPHONEOS_DEPLOYMENT_TARGET = 15.0;
				MTL_ENABLE_DEBUG_INFO = INCLUDE_SOURCE;
				MTL_FAST_MATH = YES;
				ONLY_ACTIVE_ARCH = YES;
				SDKROOT = iphoneos;
				SWIFT_ACTIVE_COMPILATION_CONDITIONS = DEBUG;
				SWIFT_OPTIMIZATION_LEVEL = "-Onone";
			};
			name = Debug;
		};
		35C46E3727103F300058E702 /* Release */ = {
			isa = XCBuildConfiguration;
			buildSettings = {
				ALWAYS_SEARCH_USER_PATHS = NO;
				CLANG_ANALYZER_NONNULL = YES;
				CLANG_ANALYZER_NUMBER_OBJECT_CONVERSION = YES_AGGRESSIVE;
				CLANG_CXX_LANGUAGE_STANDARD = "gnu++17";
				CLANG_CXX_LIBRARY = "libc++";
				CLANG_ENABLE_MODULES = YES;
				CLANG_ENABLE_OBJC_ARC = YES;
				CLANG_ENABLE_OBJC_WEAK = YES;
				CLANG_WARN_BLOCK_CAPTURE_AUTORELEASING = YES;
				CLANG_WARN_BOOL_CONVERSION = YES;
				CLANG_WARN_COMMA = YES;
				CLANG_WARN_CONSTANT_CONVERSION = YES;
				CLANG_WARN_DEPRECATED_OBJC_IMPLEMENTATIONS = YES;
				CLANG_WARN_DIRECT_OBJC_ISA_USAGE = YES_ERROR;
				CLANG_WARN_DOCUMENTATION_COMMENTS = YES;
				CLANG_WARN_EMPTY_BODY = YES;
				CLANG_WARN_ENUM_CONVERSION = YES;
				CLANG_WARN_INFINITE_RECURSION = YES;
				CLANG_WARN_INT_CONVERSION = YES;
				CLANG_WARN_NON_LITERAL_NULL_CONVERSION = YES;
				CLANG_WARN_OBJC_IMPLICIT_RETAIN_SELF = YES;
				CLANG_WARN_OBJC_LITERAL_CONVERSION = YES;
				CLANG_WARN_OBJC_ROOT_CLASS = YES_ERROR;
				CLANG_WARN_QUOTED_INCLUDE_IN_FRAMEWORK_HEADER = YES;
				CLANG_WARN_RANGE_LOOP_ANALYSIS = YES;
				CLANG_WARN_STRICT_PROTOTYPES = YES;
				CLANG_WARN_SUSPICIOUS_MOVE = YES;
				CLANG_WARN_UNGUARDED_AVAILABILITY = YES_AGGRESSIVE;
				CLANG_WARN_UNREACHABLE_CODE = YES;
				CLANG_WARN__DUPLICATE_METHOD_MATCH = YES;
				COPY_PHASE_STRIP = NO;
				DEBUG_INFORMATION_FORMAT = "dwarf-with-dsym";
				ENABLE_NS_ASSERTIONS = NO;
				ENABLE_STRICT_OBJC_MSGSEND = YES;
				GCC_C_LANGUAGE_STANDARD = gnu11;
				GCC_NO_COMMON_BLOCKS = YES;
				GCC_WARN_64_TO_32_BIT_CONVERSION = YES;
				GCC_WARN_ABOUT_RETURN_TYPE = YES_ERROR;
				GCC_WARN_UNDECLARED_SELECTOR = YES;
				GCC_WARN_UNINITIALIZED_AUTOS = YES_AGGRESSIVE;
				GCC_WARN_UNUSED_FUNCTION = YES;
				GCC_WARN_UNUSED_VARIABLE = YES;
				IPHONEOS_DEPLOYMENT_TARGET = 15.0;
				MTL_ENABLE_DEBUG_INFO = NO;
				MTL_FAST_MATH = YES;
				SDKROOT = iphoneos;
				SWIFT_COMPILATION_MODE = wholemodule;
				SWIFT_OPTIMIZATION_LEVEL = "-O";
				VALIDATE_PRODUCT = YES;
			};
			name = Release;
		};
		35C46E3927103F300058E702 /* Debug */ = {
			isa = XCBuildConfiguration;
			baseConfigurationReference = AF7036870D1F67E779745955 /* Pods-AkiKomi_Final.debug.xcconfig */;
			buildSettings = {
				ASSETCATALOG_COMPILER_APPICON_NAME = AppIcon;
				ASSETCATALOG_COMPILER_GLOBAL_ACCENT_COLOR_NAME = AccentColor;
				CODE_SIGN_STYLE = Automatic;
				CURRENT_PROJECT_VERSION = 1;
				DEVELOPMENT_TEAM = NZ6NQZK56A;
				GENERATE_INFOPLIST_FILE = YES;
				INFOPLIST_FILE = AkiKomi_Final/Info.plist;
				INFOPLIST_KEY_UIApplicationSupportsIndirectInputEvents = YES;
				INFOPLIST_KEY_UILaunchStoryboardName = LaunchScreen;
				INFOPLIST_KEY_UIMainStoryboardFile = Main;
				INFOPLIST_KEY_UISupportedInterfaceOrientations = UIInterfaceOrientationPortrait;
				INFOPLIST_KEY_UISupportedInterfaceOrientations_iPad = "UIInterfaceOrientationPortrait UIInterfaceOrientationPortraitUpsideDown UIInterfaceOrientationLandscapeLeft UIInterfaceOrientationLandscapeRight";
				INFOPLIST_KEY_UISupportedInterfaceOrientations_iPhone = "UIInterfaceOrientationPortrait UIInterfaceOrientationLandscapeLeft UIInterfaceOrientationLandscapeRight";
				LD_RUNPATH_SEARCH_PATHS = (
					"$(inherited)",
					"@executable_path/Frameworks",
				);
				MARKETING_VERSION = 1.0;
				PRODUCT_BUNDLE_IDENTIFIER = "akikomi-project.AkiKomi-Final";
				PRODUCT_NAME = "$(TARGET_NAME)";
				SWIFT_EMIT_LOC_STRINGS = YES;
				SWIFT_VERSION = 5.0;
				TARGETED_DEVICE_FAMILY = "1,2";
			};
			name = Debug;
		};
		35C46E3A27103F300058E702 /* Release */ = {
			isa = XCBuildConfiguration;
			baseConfigurationReference = 080F2707B41D9378A0AB7A27 /* Pods-AkiKomi_Final.release.xcconfig */;
			buildSettings = {
				ASSETCATALOG_COMPILER_APPICON_NAME = AppIcon;
				ASSETCATALOG_COMPILER_GLOBAL_ACCENT_COLOR_NAME = AccentColor;
				CODE_SIGN_STYLE = Automatic;
				CURRENT_PROJECT_VERSION = 1;
				DEVELOPMENT_TEAM = NZ6NQZK56A;
				GENERATE_INFOPLIST_FILE = YES;
				INFOPLIST_FILE = AkiKomi_Final/Info.plist;
				INFOPLIST_KEY_UIApplicationSupportsIndirectInputEvents = YES;
				INFOPLIST_KEY_UILaunchStoryboardName = LaunchScreen;
				INFOPLIST_KEY_UIMainStoryboardFile = Main;
				INFOPLIST_KEY_UISupportedInterfaceOrientations = UIInterfaceOrientationPortrait;
				INFOPLIST_KEY_UISupportedInterfaceOrientations_iPad = "UIInterfaceOrientationPortrait UIInterfaceOrientationPortraitUpsideDown UIInterfaceOrientationLandscapeLeft UIInterfaceOrientationLandscapeRight";
				INFOPLIST_KEY_UISupportedInterfaceOrientations_iPhone = "UIInterfaceOrientationPortrait UIInterfaceOrientationLandscapeLeft UIInterfaceOrientationLandscapeRight";
				LD_RUNPATH_SEARCH_PATHS = (
					"$(inherited)",
					"@executable_path/Frameworks",
				);
				MARKETING_VERSION = 1.0;
				PRODUCT_BUNDLE_IDENTIFIER = "akikomi-project.AkiKomi-Final";
				PRODUCT_NAME = "$(TARGET_NAME)";
				SWIFT_EMIT_LOC_STRINGS = YES;
				SWIFT_VERSION = 5.0;
				TARGETED_DEVICE_FAMILY = "1,2";
			};
			name = Release;
		};
		35C46E3C27103F300058E702 /* Debug */ = {
			isa = XCBuildConfiguration;
			baseConfigurationReference = C7F848D00223785FD881E8C2 /* Pods-AkiKomi_FinalTests.debug.xcconfig */;
			buildSettings = {
				ALWAYS_EMBED_SWIFT_STANDARD_LIBRARIES = YES;
				BUNDLE_LOADER = "$(TEST_HOST)";
				CODE_SIGN_STYLE = Automatic;
				CURRENT_PROJECT_VERSION = 1;
				DEVELOPMENT_TEAM = NZ6NQZK56A;
				GENERATE_INFOPLIST_FILE = YES;
				IPHONEOS_DEPLOYMENT_TARGET = 15.0;
				LD_RUNPATH_SEARCH_PATHS = (
					"$(inherited)",
					"@executable_path/Frameworks",
					"@loader_path/Frameworks",
				);
				MARKETING_VERSION = 1.0;
				PRODUCT_BUNDLE_IDENTIFIER = "akikomi-project.AkiKomi-FinalTests";
				PRODUCT_NAME = "$(TARGET_NAME)";
				SWIFT_EMIT_LOC_STRINGS = NO;
				SWIFT_VERSION = 5.0;
				TARGETED_DEVICE_FAMILY = "1,2";
				TEST_HOST = "$(BUILT_PRODUCTS_DIR)/AkiKomi_Final.app/AkiKomi_Final";
			};
			name = Debug;
		};
		35C46E3D27103F300058E702 /* Release */ = {
			isa = XCBuildConfiguration;
			baseConfigurationReference = 6E9D0BEC9C4EB82808DBAD42 /* Pods-AkiKomi_FinalTests.release.xcconfig */;
			buildSettings = {
				ALWAYS_EMBED_SWIFT_STANDARD_LIBRARIES = YES;
				BUNDLE_LOADER = "$(TEST_HOST)";
				CODE_SIGN_STYLE = Automatic;
				CURRENT_PROJECT_VERSION = 1;
				DEVELOPMENT_TEAM = NZ6NQZK56A;
				GENERATE_INFOPLIST_FILE = YES;
				IPHONEOS_DEPLOYMENT_TARGET = 15.0;
				LD_RUNPATH_SEARCH_PATHS = (
					"$(inherited)",
					"@executable_path/Frameworks",
					"@loader_path/Frameworks",
				);
				MARKETING_VERSION = 1.0;
				PRODUCT_BUNDLE_IDENTIFIER = "akikomi-project.AkiKomi-FinalTests";
				PRODUCT_NAME = "$(TARGET_NAME)";
				SWIFT_EMIT_LOC_STRINGS = NO;
				SWIFT_VERSION = 5.0;
				TARGETED_DEVICE_FAMILY = "1,2";
				TEST_HOST = "$(BUILT_PRODUCTS_DIR)/AkiKomi_Final.app/AkiKomi_Final";
			};
			name = Release;
		};
		35C46E3F27103F300058E702 /* Debug */ = {
			isa = XCBuildConfiguration;
			baseConfigurationReference = 27D94F1F08D20FDB0485F835 /* Pods-AkiKomi_Final-AkiKomi_FinalUITests.debug.xcconfig */;
			buildSettings = {
				ALWAYS_EMBED_SWIFT_STANDARD_LIBRARIES = YES;
				CODE_SIGN_STYLE = Automatic;
				CURRENT_PROJECT_VERSION = 1;
				DEVELOPMENT_TEAM = NZ6NQZK56A;
				GENERATE_INFOPLIST_FILE = YES;
				LD_RUNPATH_SEARCH_PATHS = (
					"$(inherited)",
					"@executable_path/Frameworks",
					"@loader_path/Frameworks",
				);
				MARKETING_VERSION = 1.0;
				PRODUCT_BUNDLE_IDENTIFIER = "akikomi-project.AkiKomi-FinalUITests";
				PRODUCT_NAME = "$(TARGET_NAME)";
				SWIFT_EMIT_LOC_STRINGS = NO;
				SWIFT_VERSION = 5.0;
				TARGETED_DEVICE_FAMILY = "1,2";
				TEST_TARGET_NAME = AkiKomi_Final;
			};
			name = Debug;
		};
		35C46E4027103F300058E702 /* Release */ = {
			isa = XCBuildConfiguration;
			baseConfigurationReference = DD8FC35E52826C939B79DA89 /* Pods-AkiKomi_Final-AkiKomi_FinalUITests.release.xcconfig */;
			buildSettings = {
				ALWAYS_EMBED_SWIFT_STANDARD_LIBRARIES = YES;
				CODE_SIGN_STYLE = Automatic;
				CURRENT_PROJECT_VERSION = 1;
				DEVELOPMENT_TEAM = NZ6NQZK56A;
				GENERATE_INFOPLIST_FILE = YES;
				LD_RUNPATH_SEARCH_PATHS = (
					"$(inherited)",
					"@executable_path/Frameworks",
					"@loader_path/Frameworks",
				);
				MARKETING_VERSION = 1.0;
				PRODUCT_BUNDLE_IDENTIFIER = "akikomi-project.AkiKomi-FinalUITests";
				PRODUCT_NAME = "$(TARGET_NAME)";
				SWIFT_EMIT_LOC_STRINGS = NO;
				SWIFT_VERSION = 5.0;
				TARGETED_DEVICE_FAMILY = "1,2";
				TEST_TARGET_NAME = AkiKomi_Final;
			};
			name = Release;
		};
/* End XCBuildConfiguration section */

/* Begin XCConfigurationList section */
		35C46E0927103F2E0058E702 /* Build configuration list for PBXProject "AkiKomi_Final" */ = {
			isa = XCConfigurationList;
			buildConfigurations = (
				35C46E3627103F300058E702 /* Debug */,
				35C46E3727103F300058E702 /* Release */,
			);
			defaultConfigurationIsVisible = 0;
			defaultConfigurationName = Release;
		};
		35C46E3827103F300058E702 /* Build configuration list for PBXNativeTarget "AkiKomi_Final" */ = {
			isa = XCConfigurationList;
			buildConfigurations = (
				35C46E3927103F300058E702 /* Debug */,
				35C46E3A27103F300058E702 /* Release */,
			);
			defaultConfigurationIsVisible = 0;
			defaultConfigurationName = Release;
		};
		35C46E3B27103F300058E702 /* Build configuration list for PBXNativeTarget "AkiKomi_FinalTests" */ = {
			isa = XCConfigurationList;
			buildConfigurations = (
				35C46E3C27103F300058E702 /* Debug */,
				35C46E3D27103F300058E702 /* Release */,
			);
			defaultConfigurationIsVisible = 0;
			defaultConfigurationName = Release;
		};
		35C46E3E27103F300058E702 /* Build configuration list for PBXNativeTarget "AkiKomi_FinalUITests" */ = {
			isa = XCConfigurationList;
			buildConfigurations = (
				35C46E3F27103F300058E702 /* Debug */,
				35C46E4027103F300058E702 /* Release */,
			);
			defaultConfigurationIsVisible = 0;
			defaultConfigurationName = Release;
		};
/* End XCConfigurationList section */
	};
	rootObject = 35C46E0627103F2E0058E702 /* Project object */;
}
